
Microsoft Visual Studio Solution File, Format Version 12.00
# Visual Studio Version 17
VisualStudioVersion = 17.12.35707.178
MinimumVisualStudioVersion = 10.0.40219.1
Project("{2150E333-8FDC-42A3-9474-1A3956D46DE8}") = "01 - Api", "01 - Api", "{BFAD06CB-8A60-495C-86B7-B54EB6BFDF5F}"
EndProject
Project("{2150E333-8FDC-42A3-9474-1A3956D46DE8}") = "02 - Application", "02 - Application", "{4E541476-DCAA-4379-A54A-28E06B94FE78}"
EndProject
Project("{2150E333-8FDC-42A3-9474-1A3956D46DE8}") = "03 - Domain", "03 - Domain", "{8A146928-E14E-4440-95C8-3AAD97A55E85}"
EndProject
Project("{2150E333-8FDC-42A3-9474-1A3956D46DE8}") = "04 - Exception", "04 - Exception", "{3A8AF224-10BB-4370-BFB9-8CF5087DF1FB}"
EndProject
Project("{2150E333-8FDC-42A3-9474-1A3956D46DE8}") = "05 - Infrastructure", "05 - Infrastructure", "{F8A124D0-8583-4FE7-8170-004E8272E1EF}"
EndProject
Project("{FAE04EC0-301F-11D3-BF4B-00C04F79EFBC}") = "Kazue.Api", "src\Api\Kazue.Api\Kazue.Api.csproj", "{1FDED654-C4A1-4D6E-840D-66D1FBD2BFFA}"
EndProject
Project("{FAE04EC0-301F-11D3-BF4B-00C04F79EFBC}") = "Kazue.Application", "src\Application\Kazue.Application\Kazue.Application.csproj", "{F45103EC-46C0-460E-8434-0622C425A9C5}"
EndProject
Project("{FAE04EC0-301F-11D3-BF4B-00C04F79EFBC}") = "Kazue.Domain", "src\Domain\Kazue.Domain\Kazue.Domain.csproj", "{F2334510-FC8F-4A67-94DC-3C9D5F4FF30A}"
EndProject
Project("{FAE04EC0-301F-11D3-BF4B-00C04F79EFBC}") = "Kazue.Exception", "src\Exception\Kazue.Exception\Kazue.Exception.csproj", "{C7EDD847-BE22-421C-A243-2F69C5BD1509}"
EndProject
Project("{FAE04EC0-301F-11D3-BF4B-00C04F79EFBC}") = "Kazue.Infrastructure", "src\Infrastructure\Kazue.Infrastructure\Kazue.Infrastructure.csproj", "{E5DE7B43-C0BE-4C2E-9435-3EF013AA1607}"
EndProject
Project("{2150E333-8FDC-42A3-9474-1A3956D46DE8}") = "src", "src", "{02EA681E-C7D8-13C7-8484-4AC65E1B71E8}"
EndProject
Project("{2150E333-8FDC-42A3-9474-1A3956D46DE8}") = "tests", "tests", "{90DA4D53-A1B2-4C52-869D-AA2A5B92D234}"
EndProject
Project("{2150E333-8FDC-42A3-9474-1A3956D46DE8}") = "database", "database", "{3BE04041-BEE6-4349-800B-FDCF30DA4B1A}"
EndProject
Project("{2150E333-8FDC-42A3-9474-1A3956D46DE8}") = "01 - CommomTestUtilities", "01 - CommomTestUtilities", "{7F675A30-4858-4617-AE0D-97747385AC40}"
EndProject
Project("{FAE04EC0-301F-11D3-BF4B-00C04F79EFBC}") = "CommomTestUtilities", "tests\CommomTestUtilities\CommomTestUtilities.csproj", "{FA4C2D62-66F6-4548-89C6-641D53FA3FE7}"
EndProject
Project("{2150E333-8FDC-42A3-9474-1A3956D46DE8}") = "01 - Tables", "01 - Tables", "{77357AE9-3E1F-4301-9926-9DA50F63AADE}"
EndProject
Project("{2150E333-8FDC-42A3-9474-1A3956D46DE8}") = "02- Procedures", "02- Procedures", "{74F79272-98A3-4458-A01B-82AA5F7F0B6A}"
EndProject
Project("{2150E333-8FDC-42A3-9474-1A3956D46DE8}") = "03 - Indexes", "03 - Indexes", "{7ACFD563-A4EB-46E5-8700-9772D2C76F07}"
EndProject
Project("{2150E333-8FDC-42A3-9474-1A3956D46DE8}") = "User", "User", "{71F70943-D12C-4A8F-B85D-CB96CF174F50}"
	ProjectSection(SolutionItems) = preProject
		database\tables\person\user.txt = database\tables\person\user.txt
	EndProjectSection
EndProject
Project("{2150E333-8FDC-42A3-9474-1A3956D46DE8}") = "04 - Sequences", "04 - Sequences", "{6B1131B8-5B42-4A18-AEF7-7177590ED072}"
EndProject
Project("{2150E333-8FDC-42A3-9474-1A3956D46DE8}") = "Status", "Status", "{47387FBC-65B5-455B-B0FE-654A6BDB240C}"
	ProjectSection(SolutionItems) = preProject
		database\tables\status\status.txt = database\tables\status\status.txt
	EndProjectSection
EndProject
Project("{2150E333-8FDC-42A3-9474-1A3956D46DE8}") = "User", "User", "{AE9C0259-2455-4085-B5CB-D844B0C60D12}"
	ProjectSection(SolutionItems) = preProject
		database\procedures\person\user_sp_create.txt = database\procedures\person\user_sp_create.txt
		database\procedures\person\user_sp_delete.txt = database\procedures\person\user_sp_delete.txt
		database\procedures\person\user_sp_get.txt = database\procedures\person\user_sp_get.txt
		database\procedures\person\user_sp_get_by_id.txt = database\procedures\person\user_sp_get_by_id.txt
		database\procedures\person\user_sp_update.txt = database\procedures\person\user_sp_update.txt
		database\procedures\person\user_sp_update_status.txt = database\procedures\person\user_sp_update_status.txt
	EndProjectSection
EndProject
Project("{2150E333-8FDC-42A3-9474-1A3956D46DE8}") = "Status", "Status", "{063D8DD7-B9EC-4DE1-A104-41974BE222A9}"
	ProjectSection(SolutionItems) = preProject
		database\procedures\status\status_sp_delete.txt = database\procedures\status\status_sp_delete.txt
		database\procedures\status\status_sp_get.txt = database\procedures\status\status_sp_get.txt
		database\procedures\status\status_sp_get_by_id_or_description.txt = database\procedures\status\status_sp_get_by_id_or_description.txt
		database\procedures\status\status_sp_update.txt = database\procedures\status\status_sp_update.txt
	EndProjectSection
EndProject
Global
	GlobalSection(SolutionConfigurationPlatforms) = preSolution
		Debug|Any CPU = Debug|Any CPU
		Release|Any CPU = Release|Any CPU
	EndGlobalSection
	GlobalSection(ProjectConfigurationPlatforms) = postSolution
		{1FDED654-C4A1-4D6E-840D-66D1FBD2BFFA}.Debug|Any CPU.ActiveCfg = Debug|Any CPU
		{1FDED654-C4A1-4D6E-840D-66D1FBD2BFFA}.Debug|Any CPU.Build.0 = Debug|Any CPU
		{1FDED654-C4A1-4D6E-840D-66D1FBD2BFFA}.Release|Any CPU.ActiveCfg = Release|Any CPU
		{1FDED654-C4A1-4D6E-840D-66D1FBD2BFFA}.Release|Any CPU.Build.0 = Release|Any CPU
		{F45103EC-46C0-460E-8434-0622C425A9C5}.Debug|Any CPU.ActiveCfg = Debug|Any CPU
		{F45103EC-46C0-460E-8434-0622C425A9C5}.Debug|Any CPU.Build.0 = Debug|Any CPU
		{F45103EC-46C0-460E-8434-0622C425A9C5}.Release|Any CPU.ActiveCfg = Release|Any CPU
		{F45103EC-46C0-460E-8434-0622C425A9C5}.Release|Any CPU.Build.0 = Release|Any CPU
		{F2334510-FC8F-4A67-94DC-3C9D5F4FF30A}.Debug|Any CPU.ActiveCfg = Debug|Any CPU
		{F2334510-FC8F-4A67-94DC-3C9D5F4FF30A}.Debug|Any CPU.Build.0 = Debug|Any CPU
		{F2334510-FC8F-4A67-94DC-3C9D5F4FF30A}.Release|Any CPU.ActiveCfg = Release|Any CPU
		{F2334510-FC8F-4A67-94DC-3C9D5F4FF30A}.Release|Any CPU.Build.0 = Release|Any CPU
		{C7EDD847-BE22-421C-A243-2F69C5BD1509}.Debug|Any CPU.ActiveCfg = Debug|Any CPU
		{C7EDD847-BE22-421C-A243-2F69C5BD1509}.Debug|Any CPU.Build.0 = Debug|Any CPU
		{C7EDD847-BE22-421C-A243-2F69C5BD1509}.Release|Any CPU.ActiveCfg = Release|Any CPU
		{C7EDD847-BE22-421C-A243-2F69C5BD1509}.Release|Any CPU.Build.0 = Release|Any CPU
		{E5DE7B43-C0BE-4C2E-9435-3EF013AA1607}.Debug|Any CPU.ActiveCfg = Debug|Any CPU
		{E5DE7B43-C0BE-4C2E-9435-3EF013AA1607}.Debug|Any CPU.Build.0 = Debug|Any CPU
		{E5DE7B43-C0BE-4C2E-9435-3EF013AA1607}.Release|Any CPU.ActiveCfg = Release|Any CPU
		{E5DE7B43-C0BE-4C2E-9435-3EF013AA1607}.Release|Any CPU.Build.0 = Release|Any CPU
		{FA4C2D62-66F6-4548-89C6-641D53FA3FE7}.Debug|Any CPU.ActiveCfg = Debug|Any CPU
		{FA4C2D62-66F6-4548-89C6-641D53FA3FE7}.Debug|Any CPU.Build.0 = Debug|Any CPU
		{FA4C2D62-66F6-4548-89C6-641D53FA3FE7}.Release|Any CPU.ActiveCfg = Release|Any CPU
		{FA4C2D62-66F6-4548-89C6-641D53FA3FE7}.Release|Any CPU.Build.0 = Release|Any CPU
	EndGlobalSection
	GlobalSection(SolutionProperties) = preSolution
		HideSolutionNode = FALSE
	EndGlobalSection
	GlobalSection(NestedProjects) = preSolution
		{BFAD06CB-8A60-495C-86B7-B54EB6BFDF5F} = {02EA681E-C7D8-13C7-8484-4AC65E1B71E8}
		{4E541476-DCAA-4379-A54A-28E06B94FE78} = {02EA681E-C7D8-13C7-8484-4AC65E1B71E8}
		{8A146928-E14E-4440-95C8-3AAD97A55E85} = {02EA681E-C7D8-13C7-8484-4AC65E1B71E8}
		{3A8AF224-10BB-4370-BFB9-8CF5087DF1FB} = {02EA681E-C7D8-13C7-8484-4AC65E1B71E8}
		{F8A124D0-8583-4FE7-8170-004E8272E1EF} = {02EA681E-C7D8-13C7-8484-4AC65E1B71E8}
		{1FDED654-C4A1-4D6E-840D-66D1FBD2BFFA} = {BFAD06CB-8A60-495C-86B7-B54EB6BFDF5F}
		{F45103EC-46C0-460E-8434-0622C425A9C5} = {4E541476-DCAA-4379-A54A-28E06B94FE78}
		{F2334510-FC8F-4A67-94DC-3C9D5F4FF30A} = {8A146928-E14E-4440-95C8-3AAD97A55E85}
		{C7EDD847-BE22-421C-A243-2F69C5BD1509} = {3A8AF224-10BB-4370-BFB9-8CF5087DF1FB}
		{E5DE7B43-C0BE-4C2E-9435-3EF013AA1607} = {F8A124D0-8583-4FE7-8170-004E8272E1EF}
		{7F675A30-4858-4617-AE0D-97747385AC40} = {90DA4D53-A1B2-4C52-869D-AA2A5B92D234}
		{FA4C2D62-66F6-4548-89C6-641D53FA3FE7} = {7F675A30-4858-4617-AE0D-97747385AC40}
		{77357AE9-3E1F-4301-9926-9DA50F63AADE} = {3BE04041-BEE6-4349-800B-FDCF30DA4B1A}
		{74F79272-98A3-4458-A01B-82AA5F7F0B6A} = {3BE04041-BEE6-4349-800B-FDCF30DA4B1A}
		{7ACFD563-A4EB-46E5-8700-9772D2C76F07} = {3BE04041-BEE6-4349-800B-FDCF30DA4B1A}
		{71F70943-D12C-4A8F-B85D-CB96CF174F50} = {77357AE9-3E1F-4301-9926-9DA50F63AADE}
		{6B1131B8-5B42-4A18-AEF7-7177590ED072} = {3BE04041-BEE6-4349-800B-FDCF30DA4B1A}
		{47387FBC-65B5-455B-B0FE-654A6BDB240C} = {77357AE9-3E1F-4301-9926-9DA50F63AADE}
		{AE9C0259-2455-4085-B5CB-D844B0C60D12} = {74F79272-98A3-4458-A01B-82AA5F7F0B6A}
		{063D8DD7-B9EC-4DE1-A104-41974BE222A9} = {74F79272-98A3-4458-A01B-82AA5F7F0B6A}
	EndGlobalSection
	GlobalSection(ExtensibilityGlobals) = postSolution
		SolutionGuid = {F679CABC-6B98-4E9C-B9C3-9CA77008FC63}
	EndGlobalSection
EndGlobal
